<?xml version="1.0" encoding="utf-8"?>
<Project ToolsVersion="4.0" xmlns="http://schemas.microsoft.com/developer/msbuild/2003">
  <ItemGroup>
    <Filter Include="Source">
      <UniqueIdentifier>{9874e671-8509-4a31-8dc1-dc525e2aad71}</UniqueIdentifier>
    </Filter>
    <Filter Include="Headers">
      <UniqueIdentifier>{507f9185-428d-4a2e-86c1-3e0d8632faf5}</UniqueIdentifier>
    </Filter>
    <Filter Include="Headers\Resources">
      <UniqueIdentifier>{02923e1b-279d-4008-a54d-dcda1cb1b8b1}</UniqueIdentifier>
    </Filter>
  </ItemGroup>
  <ItemGroup>
    <ClCompile Include="Game\tmpl8\Graphics.cpp">
      <Filter>Source</Filter>
    </ClCompile>
    <ClCompile Include="Game\tmpl8\Input.cpp">
      <Filter>Source</Filter>
    </ClCompile>
    <ClCompile Include="Game\tmpl8\MyFiles.cpp">
      <Filter>Source</Filter>
    </ClCompile>
    <ClCompile Include="Game\tmpl8\ObjectModel.cpp">
      <Filter>Source</Filter>
    </ClCompile>
    <ClCompile Include="Game\main.cpp">
      <Filter>Source</Filter>
    </ClCompile>
    <ClCompile Include="imgui\imgui.cpp" />
    <ClCompile Include="imgui\imgui_demo.cpp" />
    <ClCompile Include="imgui\imgui_draw.cpp" />
    <ClCompile Include="imgui\imgui_impl_opengl3.cpp" />
    <ClCompile Include="imgui\imgui_tables.cpp" />
    <ClCompile Include="imgui\imgui_widgets.cpp" />
    <ClCompile Include="Game\tmpl8\CubeModel.cpp" />
    <ClCompile Include="Game\Level\Objects\Camera\Camera.cpp" />
    <ClCompile Include="Game\tmpl8\TinyObjectLoader.cpp" />
    <ClCompile Include="Game\Level\Level.cpp" />
    <ClCompile Include="Game\Level\Objects\ObjectManager.cpp" />
    <ClCompile Include="Game\Game.cpp" />
    <ClCompile Include="Game\Level\UX\Gui.cpp" />
    <ClCompile Include="Game\Level\Objects\World\Map.cpp" />
  </ItemGroup>
  <ItemGroup>
    <ClInclude Include="Game\tmpl8\Graphics.h">
      <Filter>Headers</Filter>
    </ClInclude>
    <ClInclude Include="Game\tmpl8\Input.h">
      <Filter>Headers</Filter>
    </ClInclude>
    <ClInclude Include="Game\tmpl8\MyFiles.h">
      <Filter>Headers</Filter>
    </ClInclude>
    <ClInclude Include="Game\tmpl8\ObjectModel.h">
      <Filter>Headers</Filter>
    </ClInclude>
    <ClInclude Include="Game\tmpl8\stb_image.h">
      <Filter>Headers</Filter>
    </ClInclude>
    <ClInclude Include="imgui\imconfig.h" />
    <ClInclude Include="imgui\imgui.h" />
    <ClInclude Include="imgui\imgui_impl_opengl3.h" />
    <ClInclude Include="imgui\imgui_impl_opengl3_loader.h" />
    <ClInclude Include="imgui\imgui_internal.h" />
    <ClInclude Include="imgui\imstb_rectpack.h" />
    <ClInclude Include="imgui\imstb_textedit.h" />
    <ClInclude Include="imgui\imstb_truetype.h" />
    <ClInclude Include="Game\tmpl8\CubeModel.h" />
    <ClInclude Include="Game\Level\Objects\Camera\Camera.h" />
    <ClInclude Include="Game\tmpl8\tiny_obj_loader.h" />
    <ClInclude Include="Game\Level\Level.h" />
    <ClInclude Include="Game\Level\Objects\ObjectManager.h" />
    <ClInclude Include="Game\Game.h" />
    <ClInclude Include="Game\Level\UX\Gui.h" />
    <ClInclude Include="Game\Level\Objects\World\Map.h" />
  </ItemGroup>
  <ItemGroup>
    <Image Include="Resources\Textures\Harvey2.jpg">
      <Filter>Headers\Resources</Filter>
    </Image>
    <Image Include="Resources\Models\brian_01.png">
      <Filter>Headers\Resources</Filter>
    </Image>
    <Image Include="Resources\Models\brian_02.png">
      <Filter>Headers\Resources</Filter>
    </Image>
    <Image Include="Resources\Models\brian_03.png">
      <Filter>Headers\Resources</Filter>
    </Image>
    <Image Include="Resources\Models\brian_01_em.png">
      <Filter>Headers\Resources</Filter>
    </Image>
    <Image Include="Resources\Models\brian_02_em.png">
      <Filter>Headers\Resources</Filter>
    </Image>
    <Image Include="Resources\Models\brian_03_em.png">
      <Filter>Headers\Resources</Filter>
    </Image>
    <Image Include="Resources\Textures\terrainMud.png" />
    <Image Include="Resources\Textures\grass.png" />
    <Image Include="Resources\Textures\stone.jpg" />
    <Image Include="Resources\Textures\3textures.jpg" />
  </ItemGroup>
  <ItemGroup>
    <None Include="Resources\Models\brian_01.mtl">
      <Filter>Headers\Resources</Filter>
    </None>
    <None Include="Resources\Models\brian_02.mtl">
      <Filter>Headers\Resources</Filter>
    </None>
    <None Include="Resources\Models\brian_03.mtl">
      <Filter>Headers\Resources</Filter>
    </None>
  </ItemGroup>
  <ItemGroup>
    <Resource Include="Resources\Models\brian_01.obj">
      <Filter>Headers\Resources</Filter>
    </Resource>
    <Resource Include="Resources\Models\brian_02.obj">
      <Filter>Headers\Resources</Filter>
    </Resource>
    <Resource Include="Resources\Models\brian_03.obj">
      <Filter>Headers\Resources</Filter>
    </Resource>
  </ItemGroup>
</Project>